
Microsoft Visual Studio Solution File, Format Version 12.00
# Visual Studio 2013
VisualStudioVersion = 12.0.30723.0
MinimumVisualStudioVersion = 10.0.40219.1
Project("{FAE04EC0-301F-11D3-BF4B-00C04F79EFBC}") = "Pedidos", "Pedidos\Pedidos.csproj", "{42A23B1B-3616-4D3A-B8A3-137E8937C152}"
EndProject
Global
	GlobalSection(SolutionConfigurationPlatforms) = preSolution
		Debug|Any CPU = Debug|Any CPU
		Release|Any CPU = Release|Any CPU
	EndGlobalSection
	GlobalSection(ProjectConfigurationPlatforms) = postSolution
		{42A23B1B-3616-4D3A-B8A3-137E8937C152}.Debug|Any CPU.ActiveCfg = Debug|Any CPU
		{42A23B1B-3616-4D3A-B8A3-137E8937C152}.Debug|Any CPU.Build.0 = Debug|Any CPU
		{42A23B1B-3616-4D3A-B8A3-137E8937C152}.Release|Any CPU.ActiveCfg = Release|Any CPU
		{42A23B1B-3616-4D3A-B8A3-137E8937C152}.Release|Any CPU.Build.0 = Release|Any CPU
	EndGlobalSection
	GlobalSection(SolutionProperties) = preSolution
		HideSolutionNode = FALSE
	EndGlobalSection
EndGlobal
